{
  "name": "task4",
  "lockfileVersion": 3,
  "requires": true,
  "packages": {
    "": {
      "dependencies": {
        "ag-grid-community": "^31.0.0"
      }
    },
    "node_modules/ag-grid-community": {
      "version": "31.0.0",
      "resolved": "https://registry.npmjs.org/ag-grid-community/-/ag-grid-community-31.0.0.tgz",
      "integrity": "sha512-OUrXSAbLs0s5DTL9G/J626IKF2mzENHtLzLo5SV0RMO34ZzQANZd1mWlahT0uhZyUFnhyyEEecJBE5nSI88VEw=="
    }
  }
}
